
Microsoft Visual Studio Solution File, Format Version 12.00
# Visual Studio 14
VisualStudioVersion = 14.0.25420.1
MinimumVisualStudioVersion = 10.0.40219.1
Project("{F184B08F-C81C-45F6-A57F-5ABD9991F28F}") = "UI_LAVANDERIA", "LAVANDERIA\UI_LAVANDERIA.vbproj", "{6AC50C6A-F6DB-4E44-9CB0-C6FE07C49505}"
EndProject
Project("{F184B08F-C81C-45F6-A57F-5ABD9991F28F}") = "BE_LAVANDERIA", "BE_LAVANDERIA\BE_LAVANDERIA.vbproj", "{805479A3-A3DC-486F-BF27-65E60EC93F44}"
EndProject
Project("{F184B08F-C81C-45F6-A57F-5ABD9991F28F}") = "DA_LAVANDERIA", "DA_LAVANDERIA\DA_LAVANDERIA.vbproj", "{960AE241-A3CD-433E-B9B2-5E959482BE4B}"
EndProject
Global
	GlobalSection(SolutionConfigurationPlatforms) = preSolution
		Debug|Any CPU = Debug|Any CPU
		Release|Any CPU = Release|Any CPU
	EndGlobalSection
	GlobalSection(ProjectConfigurationPlatforms) = postSolution
		{6AC50C6A-F6DB-4E44-9CB0-C6FE07C49505}.Debug|Any CPU.ActiveCfg = Debug|Any CPU
		{6AC50C6A-F6DB-4E44-9CB0-C6FE07C49505}.Debug|Any CPU.Build.0 = Debug|Any CPU
		{6AC50C6A-F6DB-4E44-9CB0-C6FE07C49505}.Release|Any CPU.ActiveCfg = Release|Any CPU
		{6AC50C6A-F6DB-4E44-9CB0-C6FE07C49505}.Release|Any CPU.Build.0 = Release|Any CPU
		{805479A3-A3DC-486F-BF27-65E60EC93F44}.Debug|Any CPU.ActiveCfg = Debug|Any CPU
		{805479A3-A3DC-486F-BF27-65E60EC93F44}.Debug|Any CPU.Build.0 = Debug|Any CPU
		{805479A3-A3DC-486F-BF27-65E60EC93F44}.Release|Any CPU.ActiveCfg = Release|Any CPU
		{805479A3-A3DC-486F-BF27-65E60EC93F44}.Release|Any CPU.Build.0 = Release|Any CPU
		{960AE241-A3CD-433E-B9B2-5E959482BE4B}.Debug|Any CPU.ActiveCfg = Debug|Any CPU
		{960AE241-A3CD-433E-B9B2-5E959482BE4B}.Debug|Any CPU.Build.0 = Debug|Any CPU
		{960AE241-A3CD-433E-B9B2-5E959482BE4B}.Release|Any CPU.ActiveCfg = Release|Any CPU
		{960AE241-A3CD-433E-B9B2-5E959482BE4B}.Release|Any CPU.Build.0 = Release|Any CPU
	EndGlobalSection
	GlobalSection(SolutionProperties) = preSolution
		HideSolutionNode = FALSE
	EndGlobalSection
EndGlobal
